
Microsoft Visual Studio Solution File, Format Version 12.00
# Visual Studio Version 17
VisualStudioVersion = 17.2.32616.157
MinimumVisualStudioVersion = 10.0.40219.1
Project("{FAE04EC0-301F-11D3-BF4B-00C04F79EFBC}") = "Cliente", "Cliente\Cliente.csproj", "{FA0F7AD9-BE7C-405F-B200-F3044B374C6E}"
EndProject
Global
	GlobalSection(SolutionConfigurationPlatforms) = preSolution
		Debug|Any CPU = Debug|Any CPU
		Release|Any CPU = Release|Any CPU
	EndGlobalSection
	GlobalSection(ProjectConfigurationPlatforms) = postSolution
		{FA0F7AD9-BE7C-405F-B200-F3044B374C6E}.Debug|Any CPU.ActiveCfg = Debug|Any CPU
		{FA0F7AD9-BE7C-405F-B200-F3044B374C6E}.Debug|Any CPU.Build.0 = Debug|Any CPU
		{FA0F7AD9-BE7C-405F-B200-F3044B374C6E}.Release|Any CPU.ActiveCfg = Release|Any CPU
		{FA0F7AD9-BE7C-405F-B200-F3044B374C6E}.Release|Any CPU.Build.0 = Release|Any CPU
	EndGlobalSection
	GlobalSection(SolutionProperties) = preSolution
		HideSolutionNode = FALSE
	EndGlobalSection
	GlobalSection(ExtensibilityGlobals) = postSolution
		SolutionGuid = {76CABA27-9861-4357-B3BF-C61E0AB97B36}
	EndGlobalSection
EndGlobal
