
Microsoft Visual Studio Solution File, Format Version 12.00
# Visual Studio Version 17
VisualStudioVersion = 17.2.32616.157
MinimumVisualStudioVersion = 10.0.40219.1
Project("{FAE04EC0-301F-11D3-BF4B-00C04F79EFBC}") = "Servidor", "Servidor\Servidor.csproj", "{D5DC1E46-5CFC-47B2-A296-1BC235679CDF}"
EndProject
Global
	GlobalSection(SolutionConfigurationPlatforms) = preSolution
		Debug|Any CPU = Debug|Any CPU
		Release|Any CPU = Release|Any CPU
	EndGlobalSection
	GlobalSection(ProjectConfigurationPlatforms) = postSolution
		{D5DC1E46-5CFC-47B2-A296-1BC235679CDF}.Debug|Any CPU.ActiveCfg = Debug|Any CPU
		{D5DC1E46-5CFC-47B2-A296-1BC235679CDF}.Debug|Any CPU.Build.0 = Debug|Any CPU
		{D5DC1E46-5CFC-47B2-A296-1BC235679CDF}.Release|Any CPU.ActiveCfg = Release|Any CPU
		{D5DC1E46-5CFC-47B2-A296-1BC235679CDF}.Release|Any CPU.Build.0 = Release|Any CPU
	EndGlobalSection
	GlobalSection(SolutionProperties) = preSolution
		HideSolutionNode = FALSE
	EndGlobalSection
	GlobalSection(ExtensibilityGlobals) = postSolution
		SolutionGuid = {14447467-91A0-42B3-A824-F9F670A5398D}
	EndGlobalSection
EndGlobal
