
Microsoft Visual Studio Solution File, Format Version 12.00
# Visual Studio Version 17
VisualStudioVersion = 17.0.32126.317
MinimumVisualStudioVersion = 10.0.40219.1
Project("{FAE04EC0-301F-11D3-BF4B-00C04F79EFBC}") = "ChatDeTextoCliente", "ChatDeTextoCliente.csproj", "{F4F5E4FD-489E-467A-8377-13E86971758D}"
EndProject
Global
	GlobalSection(SolutionConfigurationPlatforms) = preSolution
		Debug|Any CPU = Debug|Any CPU
		Release|Any CPU = Release|Any CPU
	EndGlobalSection
	GlobalSection(ProjectConfigurationPlatforms) = postSolution
		{F4F5E4FD-489E-467A-8377-13E86971758D}.Debug|Any CPU.ActiveCfg = Debug|Any CPU
		{F4F5E4FD-489E-467A-8377-13E86971758D}.Debug|Any CPU.Build.0 = Debug|Any CPU
		{F4F5E4FD-489E-467A-8377-13E86971758D}.Release|Any CPU.ActiveCfg = Release|Any CPU
		{F4F5E4FD-489E-467A-8377-13E86971758D}.Release|Any CPU.Build.0 = Release|Any CPU
	EndGlobalSection
	GlobalSection(SolutionProperties) = preSolution
		HideSolutionNode = FALSE
	EndGlobalSection
	GlobalSection(ExtensibilityGlobals) = postSolution
		SolutionGuid = {5A373054-86D4-424B-802D-6D930D65D17A}
	EndGlobalSection
EndGlobal
