
Microsoft Visual Studio Solution File, Format Version 12.00
# Visual Studio Version 17
VisualStudioVersion = 17.2.32616.157
MinimumVisualStudioVersion = 10.0.40219.1
Project("{FAE04EC0-301F-11D3-BF4B-00C04F79EFBC}") = "Cliente", "Cliente\Cliente.csproj", "{845FE19C-8AD8-4850-AD0D-14614D8C65AD}"
EndProject
Project("{FAE04EC0-301F-11D3-BF4B-00C04F79EFBC}") = "TestCliente", "TestCliente\TestCliente.csproj", "{B9593E54-329C-4CC7-A2DE-9C8CD9A933B4}"
EndProject
Global
	GlobalSection(SolutionConfigurationPlatforms) = preSolution
		Debug|Any CPU = Debug|Any CPU
		Release|Any CPU = Release|Any CPU
	EndGlobalSection
	GlobalSection(ProjectConfigurationPlatforms) = postSolution
		{845FE19C-8AD8-4850-AD0D-14614D8C65AD}.Debug|Any CPU.ActiveCfg = Debug|Any CPU
		{845FE19C-8AD8-4850-AD0D-14614D8C65AD}.Debug|Any CPU.Build.0 = Debug|Any CPU
		{845FE19C-8AD8-4850-AD0D-14614D8C65AD}.Release|Any CPU.ActiveCfg = Release|Any CPU
		{845FE19C-8AD8-4850-AD0D-14614D8C65AD}.Release|Any CPU.Build.0 = Release|Any CPU
		{B9593E54-329C-4CC7-A2DE-9C8CD9A933B4}.Debug|Any CPU.ActiveCfg = Debug|Any CPU
		{B9593E54-329C-4CC7-A2DE-9C8CD9A933B4}.Debug|Any CPU.Build.0 = Debug|Any CPU
		{B9593E54-329C-4CC7-A2DE-9C8CD9A933B4}.Release|Any CPU.ActiveCfg = Release|Any CPU
		{B9593E54-329C-4CC7-A2DE-9C8CD9A933B4}.Release|Any CPU.Build.0 = Release|Any CPU
	EndGlobalSection
	GlobalSection(SolutionProperties) = preSolution
		HideSolutionNode = FALSE
	EndGlobalSection
	GlobalSection(ExtensibilityGlobals) = postSolution
		SolutionGuid = {AF8041ED-DBD5-4833-87C5-CBB42F4139BC}
	EndGlobalSection
EndGlobal
