
Microsoft Visual Studio Solution File, Format Version 12.00
# Visual Studio Version 17
VisualStudioVersion = 17.0.32126.317
MinimumVisualStudioVersion = 10.0.40219.1
Project("{FAE04EC0-301F-11D3-BF4B-00C04F79EFBC}") = "Practica5_1Cliente", "Practica5_1Cliente.csproj", "{D5F1EB0E-00C2-4CC1-8724-DB1DC36F218C}"
EndProject
Global
	GlobalSection(SolutionConfigurationPlatforms) = preSolution
		Debug|Any CPU = Debug|Any CPU
		Release|Any CPU = Release|Any CPU
	EndGlobalSection
	GlobalSection(ProjectConfigurationPlatforms) = postSolution
		{D5F1EB0E-00C2-4CC1-8724-DB1DC36F218C}.Debug|Any CPU.ActiveCfg = Debug|Any CPU
		{D5F1EB0E-00C2-4CC1-8724-DB1DC36F218C}.Debug|Any CPU.Build.0 = Debug|Any CPU
		{D5F1EB0E-00C2-4CC1-8724-DB1DC36F218C}.Release|Any CPU.ActiveCfg = Release|Any CPU
		{D5F1EB0E-00C2-4CC1-8724-DB1DC36F218C}.Release|Any CPU.Build.0 = Release|Any CPU
	EndGlobalSection
	GlobalSection(SolutionProperties) = preSolution
		HideSolutionNode = FALSE
	EndGlobalSection
	GlobalSection(ExtensibilityGlobals) = postSolution
		SolutionGuid = {16820CF5-DBF1-4759-9A5D-89FFAF8F5E27}
	EndGlobalSection
EndGlobal
